PODS:
  - Operations/+CloudKit (3.0.0):
    - Operations/Standard
  - Operations/Standard (3.0.0)

DEPENDENCIES:
  - Operations/+CloudKit (from `https://github.com/danthorpe/Operations.git`, branch `master`)

EXTERNAL SOURCES:
  Operations:
    :branch: master
    :git: https://github.com/danthorpe/Operations.git

CHECKOUT OPTIONS:
  Operations:
    :commit: 2b8a4ad3c77124c8d3900decb348b374ff94aba1
    :git: https://github.com/danthorpe/Operations.git

SPEC CHECKSUMS:
  Operations: c05cc4b2ad060201ab98cbacd5217876658b5f2c

PODFILE CHECKSUM: 4ab4ca8b7407f45e7d8d4c41899f0f1a6cb4012a

COCOAPODS: 1.0.1
